// !$*UTF8*$!
{
	archiveVersion = 1;
	classes = {
	};
	objectVersion = 46;
	objects = {

/* Begin PBXBuildFile section */
		1D22F01D1D36BEDF00522964 /* Constants.swift in Sources */ = {isa = PBXBuildFile; fileRef = 1D22F0051D36BEDF00522964 /* Constants.swift */; };
		1D22F01E1D36BEDF00522964 /* Extensions.swift in Sources */ = {isa = PBXBuildFile; fileRef = 1D22F0061D36BEDF00522964 /* Extensions.swift */; };
		1D22F01F1D36BEDF00522964 /* Helper.swift in Sources */ = {isa = PBXBuildFile; fileRef = 1D22F0071D36BEDF00522964 /* Helper.swift */; };
		1D22F0231D36BEDF00522964 /* ImageViewer.swift in Sources */ = {isa = PBXBuildFile; fileRef = 1D22F00E1D36BEDF00522964 /* ImageViewer.swift */; };
		1D22F0301D36C3AA00522964 /* Photo.swift in Sources */ = {isa = PBXBuildFile; fileRef = 1D22F02F1D36C3AA00522964 /* Photo.swift */; };
		1D22F0431D36D05A00522964 /* AppDelegate.swift in Sources */ = {isa = PBXBuildFile; fileRef = 1D22F0321D36D05A00522964 /* AppDelegate.swift */; };
		1D22F0441D36D05A00522964 /* Info.plist in Resources */ = {isa = PBXBuildFile; fileRef = 1D22F0331D36D05A00522964 /* Info.plist */; };
		1D22F0451D36D05A00522964 /* Podfile in Resources */ = {isa = PBXBuildFile; fileRef = 1D22F0341D36D05A00522964 /* Podfile */; };
		1D22F04D1D36D05A00522964 /* LaunchScreen.storyboard in Resources */ = {isa = PBXBuildFile; fileRef = 1D22F03F1D36D05A00522964 /* LaunchScreen.storyboard */; };
		1D22F04E1D36D05A00522964 /* Main.storyboard in Resources */ = {isa = PBXBuildFile; fileRef = 1D22F0411D36D05A00522964 /* Main.storyboard */; };
		1D22F0581D36D0C400522964 /* DashboardCell.swift in Sources */ = {isa = PBXBuildFile; fileRef = 1D22F0521D36D0C400522964 /* DashboardCell.swift */; };
		1D22F0591D36D0C400522964 /* DashboardHeaderView.swift in Sources */ = {isa = PBXBuildFile; fileRef = 1D22F0531D36D0C400522964 /* DashboardHeaderView.swift */; };
		1D22F05A1D36D0C400522964 /* DashboardLayout.swift in Sources */ = {isa = PBXBuildFile; fileRef = 1D22F0541D36D0C400522964 /* DashboardLayout.swift */; };
		1D22F05B1D36D0C400522964 /* DashBoardViewController.swift in Sources */ = {isa = PBXBuildFile; fileRef = 1D22F0551D36D0C400522964 /* DashBoardViewController.swift */; };
		1D22F05C1D36D0C400522964 /* DashboardHeaderView.xib in Resources */ = {isa = PBXBuildFile; fileRef = 1D22F0571D36D0C400522964 /* DashboardHeaderView.xib */; };
		1D22F05F1D36D1C800522964 /* FirstViewController.swift in Sources */ = {isa = PBXBuildFile; fileRef = 1D22F05D1D36D1C800522964 /* FirstViewController.swift */; };
		1D22F0601D36D1C800522964 /* TabBarContainer.swift in Sources */ = {isa = PBXBuildFile; fileRef = 1D22F05E1D36D1C800522964 /* TabBarContainer.swift */; };
		1D22F0621D36D3F100522964 /* Assets.xcassets in Resources */ = {isa = PBXBuildFile; fileRef = 1D22F0611D36D3F100522964 /* Assets.xcassets */; };
		1D2ECFF71D4002BE00586861 /* AccountController.swift in Sources */ = {isa = PBXBuildFile; fileRef = 1D2ECFF61D4002BE00586861 /* AccountController.swift */; };
		1D2ECFF91D4002CC00586861 /* CartController.swift in Sources */ = {isa = PBXBuildFile; fileRef = 1D2ECFF81D4002CC00586861 /* CartController.swift */; };
		1D2ECFFB1D4002DC00586861 /* OrdersController.swift in Sources */ = {isa = PBXBuildFile; fileRef = 1D2ECFFA1D4002DC00586861 /* OrdersController.swift */; };
		1D2ECFFD1D4002EA00586861 /* Account.storyboard in Resources */ = {isa = PBXBuildFile; fileRef = 1D2ECFFC1D4002EA00586861 /* Account.storyboard */; };
		1D2ECFFF1D4002F300586861 /* Cart.storyboard in Resources */ = {isa = PBXBuildFile; fileRef = 1D2ECFFE1D4002F300586861 /* Cart.storyboard */; };
		1D2ED0011D4002FB00586861 /* Orders.storyboard in Resources */ = {isa = PBXBuildFile; fileRef = 1D2ED0001D4002FB00586861 /* Orders.storyboard */; };
		1D3AF4191D2D33DA00CBECB0 /* WoodsWholesaleWineTests.swift in Sources */ = {isa = PBXBuildFile; fileRef = 1D3AF4181D2D33DA00CBECB0 /* WoodsWholesaleWineTests.swift */; };
		1D3AF4241D2D33DA00CBECB0 /* WoodsWholesaleWineUITests.swift in Sources */ = {isa = PBXBuildFile; fileRef = 1D3AF4231D2D33DA00CBECB0 /* WoodsWholesaleWineUITests.swift */; };
		1D55CF001D3EB62400CAFB18 /* CategorySectionCell.swift in Sources */ = {isa = PBXBuildFile; fileRef = 1D55CEFF1D3EB62400CAFB18 /* CategorySectionCell.swift */; };
		1D55CF021D3EB63300CAFB18 /* CategoryRowCell.swift in Sources */ = {isa = PBXBuildFile; fileRef = 1D55CF011D3EB63300CAFB18 /* CategoryRowCell.swift */; };
		1DAC5E651D3D479D00DABB96 /* DetailHeaderView.swift in Sources */ = {isa = PBXBuildFile; fileRef = 1DAC5E641D3D479D00DABB96 /* DetailHeaderView.swift */; };
		1DAC5E671D3D480E00DABB96 /* DetailCell.swift in Sources */ = {isa = PBXBuildFile; fileRef = 1DAC5E661D3D480E00DABB96 /* DetailCell.swift */; };
		1DD677C31D3ABF8300462456 /* SearchController.swift in Sources */ = {isa = PBXBuildFile; fileRef = 1DD677C21D3ABF8200462456 /* SearchController.swift */; };
		1DD677CA1D3BA7D000462456 /* LeftMenu.storyboard in Resources */ = {isa = PBXBuildFile; fileRef = 1DD677C91D3BA7D000462456 /* LeftMenu.storyboard */; };
		1DD677CD1D3BA8FA00462456 /* LeftMenuController.swift in Sources */ = {isa = PBXBuildFile; fileRef = 1DD677CC1D3BA8FA00462456 /* LeftMenuController.swift */; };
		1DD677D11D3C183000462456 /* LoadingController.swift in Sources */ = {isa = PBXBuildFile; fileRef = 1DD677CF1D3C183000462456 /* LoadingController.swift */; };
		1DD677D21D3C183000462456 /* LoadingController.xib in Resources */ = {isa = PBXBuildFile; fileRef = 1DD677D01D3C183000462456 /* LoadingController.xib */; };
		1DD677D41D3C19B200462456 /* CartManager.swift in Sources */ = {isa = PBXBuildFile; fileRef = 1DD677D31D3C19B200462456 /* CartManager.swift */; };
		1DD677D61D3C241D00462456 /* DetailViewController.swift in Sources */ = {isa = PBXBuildFile; fileRef = 1DD677D51D3C241D00462456 /* DetailViewController.swift */; };
		6A3D6C5C1D42CB1800E69E04 /* Login.storyboard in Resources */ = {isa = PBXBuildFile; fileRef = 6A3D6C5B1D42CB1800E69E04 /* Login.storyboard */; };
		6A3D6C611D42CBA400E69E04 /* LoginController.swift in Sources */ = {isa = PBXBuildFile; fileRef = 6A3D6C601D42CBA400E69E04 /* LoginController.swift */; };
		6A3D6C631D42CBC700E69E04 /* WebViewController.swift in Sources */ = {isa = PBXBuildFile; fileRef = 6A3D6C621D42CBC700E69E04 /* WebViewController.swift */; };
		6A3D6C651D42DFD700E69E04 /* OrderCell.swift in Sources */ = {isa = PBXBuildFile; fileRef = 6A3D6C641D42DFD700E69E04 /* OrderCell.swift */; };
		6A61930C1D43DCAD005AA8C5 /* header.m in Sources */ = {isa = PBXBuildFile; fileRef = 6A61930B1D43DCAD005AA8C5 /* header.m */; };
		6A6193101D43DF4A005AA8C5 /* FBSDKCoreKit.framework in Frameworks */ = {isa = PBXBuildFile; fileRef = 6A61930D1D43DF4A005AA8C5 /* FBSDKCoreKit.framework */; };
		6A6193111D43DF4A005AA8C5 /* FBSDKLoginKit.framework in Frameworks */ = {isa = PBXBuildFile; fileRef = 6A61930E1D43DF4A005AA8C5 /* FBSDKLoginKit.framework */; };
		6A6193121D43DF4A005AA8C5 /* FBSDKShareKit.framework in Frameworks */ = {isa = PBXBuildFile; fileRef = 6A61930F1D43DF4A005AA8C5 /* FBSDKShareKit.framework */; };
		6A70C7621D47D43700C16A65 /* AddressSelectionCell.swift in Sources */ = {isa = PBXBuildFile; fileRef = 6A70C7611D47D43700C16A65 /* AddressSelectionCell.swift */; };
		6A70C7641D47D44C00C16A65 /* AddressSelectionController.swift in Sources */ = {isa = PBXBuildFile; fileRef = 6A70C7631D47D44C00C16A65 /* AddressSelectionController.swift */; };
		6A7363C91D46A2AE007B6935 /* WoodsWholesaleWine.xcdatamodeld in Sources */ = {isa = PBXBuildFile; fileRef = 6A7363C71D46A2AE007B6935 /* WoodsWholesaleWine.xcdatamodeld */; };
		6A7363CB1D46A3C3007B6935 /* AddressController.swift in Sources */ = {isa = PBXBuildFile; fileRef = 6A7363CA1D46A3C3007B6935 /* AddressController.swift */; };
		6A7363CD1D46A3FE007B6935 /* Address.swift in Sources */ = {isa = PBXBuildFile; fileRef = 6A7363CC1D46A3FE007B6935 /* Address.swift */; };
		6A73640E1D46AEBB007B6935 /* AddressCreationCell.swift in Sources */ = {isa = PBXBuildFile; fileRef = 6A73640D1D46AEBB007B6935 /* AddressCreationCell.swift */; };
		6A88D8331D453208003A5FF1 /* CartCell.swift in Sources */ = {isa = PBXBuildFile; fileRef = 6A88D8321D453208003A5FF1 /* CartCell.swift */; };
		6A88D8351D454584003A5FF1 /* PriceCell.swift in Sources */ = {isa = PBXBuildFile; fileRef = 6A88D8341D454584003A5FF1 /* PriceCell.swift */; };
		6A88D8371D455B50003A5FF1 /* CouponCell.swift in Sources */ = {isa = PBXBuildFile; fileRef = 6A88D8361D455B50003A5FF1 /* CouponCell.swift */; };
		6A88D8391D4565D8003A5FF1 /* AddressCell.swift in Sources */ = {isa = PBXBuildFile; fileRef = 6A88D8381D4565D7003A5FF1 /* AddressCell.swift */; };
		6AB13BA51D43EC740093BDB4 /* Bolts.framework in Frameworks */ = {isa = PBXBuildFile; fileRef = 6AB13BA41D43EC730093BDB4 /* Bolts.framework */; };
		6AB13BA71D43FECD0093BDB4 /* UserDefaults.swift in Sources */ = {isa = PBXBuildFile; fileRef = 6AB13BA61D43FECD0093BDB4 /* UserDefaults.swift */; };
		73B53FD250DC955951377020 /* Pods_WoodsWholesaleWineTests.framework in Frameworks */ = {isa = PBXBuildFile; fileRef = 32DB8B5D98A2DEEA2C50536B /* Pods_WoodsWholesaleWineTests.framework */; };
		C1B233306D9B1C531A8E5B48 /* Pods_WoodsWholesaleWine.framework in Frameworks */ = {isa = PBXBuildFile; fileRef = 53A781401D8FFBF66301F7C8 /* Pods_WoodsWholesaleWine.framework */; };
		C3D98E1BAF1D0A0B969E9F20 /* Pods_WoodsWholesaleWineUITests.framework in Frameworks */ = {isa = PBXBuildFile; fileRef = 8D8F164FC2ED0F3E95A89171 /* Pods_WoodsWholesaleWineUITests.framework */; };
/* End PBXBuildFile section */

/* Begin PBXContainerItemProxy section */
		1D3AF4151D2D33DA00CBECB0 /* PBXContainerItemProxy */ = {
			isa = PBXContainerItemProxy;
			containerPortal = 1D3AF3F81D2D33D900CBECB0 /* Project object */;
			proxyType = 1;
			remoteGlobalIDString = 1D3AF3FF1D2D33D900CBECB0;
			remoteInfo = WoodsWholesaleWine;
		};
		1D3AF4201D2D33DA00CBECB0 /* PBXContainerItemProxy */ = {
			isa = PBXContainerItemProxy;
			containerPortal = 1D3AF3F81D2D33D900CBECB0 /* Project object */;
			proxyType = 1;
			remoteGlobalIDString = 1D3AF3FF1D2D33D900CBECB0;
			remoteInfo = WoodsWholesaleWine;
		};
/* End PBXContainerItemProxy section */

/* Begin PBXFileReference section */
		056A089E27591B2D317AF7BD /* Pods.framework */ = {isa = PBXFileReference; explicitFileType = wrapper.framework; includeInIndex = 0; path = Pods.framework; sourceTree = BUILT_PRODUCTS_DIR; };
		1D22F0051D36BEDF00522964 /* Constants.swift */ = {isa = PBXFileReference; fileEncoding = 4; lastKnownFileType = sourcecode.swift; path = Constants.swift; sourceTree = "<group>"; };
		1D22F0061D36BEDF00522964 /* Extensions.swift */ = {isa = PBXFileReference; fileEncoding = 4; lastKnownFileType = sourcecode.swift; path = Extensions.swift; sourceTree = "<group>"; };
		1D22F0071D36BEDF00522964 /* Helper.swift */ = {isa = PBXFileReference; fileEncoding = 4; lastKnownFileType = sourcecode.swift; path = Helper.swift; sourceTree = "<group>"; };
		1D22F00E1D36BEDF00522964 /* ImageViewer.swift */ = {isa = PBXFileReference; fileEncoding = 4; lastKnownFileType = sourcecode.swift; path = ImageViewer.swift; sourceTree = "<group>"; };
		1D22F02F1D36C3AA00522964 /* Photo.swift */ = {isa = PBXFileReference; fileEncoding = 4; lastKnownFileType = sourcecode.swift; path = Photo.swift; sourceTree = "<group>"; };
		1D22F0321D36D05A00522964 /* AppDelegate.swift */ = {isa = PBXFileReference; fileEncoding = 4; lastKnownFileType = sourcecode.swift; path = AppDelegate.swift; sourceTree = "<group>"; };
		1D22F0331D36D05A00522964 /* Info.plist */ = {isa = PBXFileReference; fileEncoding = 4; lastKnownFileType = text.plist.xml; path = Info.plist; sourceTree = "<group>"; };
		1D22F0341D36D05A00522964 /* Podfile */ = {isa = PBXFileReference; fileEncoding = 4; lastKnownFileType = text; path = Podfile; sourceTree = "<group>"; };
		1D22F0401D36D05A00522964 /* Base */ = {isa = PBXFileReference; lastKnownFileType = file.storyboard; name = Base; path = Base.lproj/LaunchScreen.storyboard; sourceTree = "<group>"; };
		1D22F0421D36D05A00522964 /* Base */ = {isa = PBXFileReference; lastKnownFileType = file.storyboard; name = Base; path = Base.lproj/Main.storyboard; sourceTree = "<group>"; };
		1D22F0521D36D0C400522964 /* DashboardCell.swift */ = {isa = PBXFileReference; fileEncoding = 4; lastKnownFileType = sourcecode.swift; path = DashboardCell.swift; sourceTree = "<group>"; };
		1D22F0531D36D0C400522964 /* DashboardHeaderView.swift */ = {isa = PBXFileReference; fileEncoding = 4; lastKnownFileType = sourcecode.swift; name = DashboardHeaderView.swift; path = ../DashboardHeaderView.swift; sourceTree = "<group>"; };
		1D22F0541D36D0C400522964 /* DashboardLayout.swift */ = {isa = PBXFileReference; fileEncoding = 4; lastKnownFileType = sourcecode.swift; path = DashboardLayout.swift; sourceTree = "<group>"; };
		1D22F0551D36D0C400522964 /* DashBoardViewController.swift */ = {isa = PBXFileReference; fileEncoding = 4; lastKnownFileType = sourcecode.swift; path = DashBoardViewController.swift; sourceTree = "<group>"; };
		1D22F0571D36D0C400522964 /* DashboardHeaderView.xib */ = {isa = PBXFileReference; fileEncoding = 4; lastKnownFileType = file.xib; path = DashboardHeaderView.xib; sourceTree = "<group>"; };
		1D22F05D1D36D1C800522964 /* FirstViewController.swift */ = {isa = PBXFileReference; fileEncoding = 4; lastKnownFileType = sourcecode.swift; path = FirstViewController.swift; sourceTree = "<group>"; };
		1D22F05E1D36D1C800522964 /* TabBarContainer.swift */ = {isa = PBXFileReference; fileEncoding = 4; lastKnownFileType = sourcecode.swift; path = TabBarContainer.swift; sourceTree = "<group>"; };
		1D22F0611D36D3F100522964 /* Assets.xcassets */ = {isa = PBXFileReference; lastKnownFileType = folder.assetcatalog; path = Assets.xcassets; sourceTree = "<group>"; };
		1D2ECFF61D4002BE00586861 /* AccountController.swift */ = {isa = PBXFileReference; fileEncoding = 4; lastKnownFileType = sourcecode.swift; path = AccountController.swift; sourceTree = "<group>"; };
		1D2ECFF81D4002CC00586861 /* CartController.swift */ = {isa = PBXFileReference; fileEncoding = 4; lastKnownFileType = sourcecode.swift; path = CartController.swift; sourceTree = "<group>"; };
		1D2ECFFA1D4002DC00586861 /* OrdersController.swift */ = {isa = PBXFileReference; fileEncoding = 4; lastKnownFileType = sourcecode.swift; path = OrdersController.swift; sourceTree = "<group>"; };
		1D2ECFFC1D4002EA00586861 /* Account.storyboard */ = {isa = PBXFileReference; fileEncoding = 4; lastKnownFileType = file.storyboard; path = Account.storyboard; sourceTree = "<group>"; };
		1D2ECFFE1D4002F300586861 /* Cart.storyboard */ = {isa = PBXFileReference; fileEncoding = 4; lastKnownFileType = file.storyboard; path = Cart.storyboard; sourceTree = "<group>"; };
		1D2ED0001D4002FB00586861 /* Orders.storyboard */ = {isa = PBXFileReference; fileEncoding = 4; lastKnownFileType = file.storyboard; path = Orders.storyboard; sourceTree = "<group>"; };
		1D3AF4001D2D33D900CBECB0 /* WoodsWholesaleWine.app */ = {isa = PBXFileReference; explicitFileType = wrapper.application; includeInIndex = 0; path = WoodsWholesaleWine.app; sourceTree = BUILT_PRODUCTS_DIR; };
		1D3AF4141D2D33DA00CBECB0 /* WoodsWholesaleWineTests.xctest */ = {isa = PBXFileReference; explicitFileType = wrapper.cfbundle; includeInIndex = 0; path = WoodsWholesaleWineTests.xctest; sourceTree = BUILT_PRODUCTS_DIR; };
		1D3AF4181D2D33DA00CBECB0 /* WoodsWholesaleWineTests.swift */ = {isa = PBXFileReference; lastKnownFileType = sourcecode.swift; path = WoodsWholesaleWineTests.swift; sourceTree = "<group>"; };
		1D3AF41A1D2D33DA00CBECB0 /* Info.plist */ = {isa = PBXFileReference; lastKnownFileType = text.plist.xml; path = Info.plist; sourceTree = "<group>"; };
		1D3AF41F1D2D33DA00CBECB0 /* WoodsWholesaleWineUITests.xctest */ = {isa = PBXFileReference; explicitFileType = wrapper.cfbundle; includeInIndex = 0; path = WoodsWholesaleWineUITests.xctest; sourceTree = BUILT_PRODUCTS_DIR; };
		1D3AF4231D2D33DA00CBECB0 /* WoodsWholesaleWineUITests.swift */ = {isa = PBXFileReference; lastKnownFileType = sourcecode.swift; path = WoodsWholesaleWineUITests.swift; sourceTree = "<group>"; };
		1D3AF4251D2D33DA00CBECB0 /* Info.plist */ = {isa = PBXFileReference; lastKnownFileType = text.plist.xml; path = Info.plist; sourceTree = "<group>"; };
		1D55CEFF1D3EB62400CAFB18 /* CategorySectionCell.swift */ = {isa = PBXFileReference; fileEncoding = 4; lastKnownFileType = sourcecode.swift; path = CategorySectionCell.swift; sourceTree = "<group>"; };
		1D55CF011D3EB63300CAFB18 /* CategoryRowCell.swift */ = {isa = PBXFileReference; fileEncoding = 4; lastKnownFileType = sourcecode.swift; path = CategoryRowCell.swift; sourceTree = "<group>"; };
		1DAC5E641D3D479D00DABB96 /* DetailHeaderView.swift */ = {isa = PBXFileReference; fileEncoding = 4; lastKnownFileType = sourcecode.swift; path = DetailHeaderView.swift; sourceTree = "<group>"; };
		1DAC5E661D3D480E00DABB96 /* DetailCell.swift */ = {isa = PBXFileReference; fileEncoding = 4; lastKnownFileType = sourcecode.swift; path = DetailCell.swift; sourceTree = "<group>"; };
		1DD677C21D3ABF8200462456 /* SearchController.swift */ = {isa = PBXFileReference; fileEncoding = 4; lastKnownFileType = sourcecode.swift; path = SearchController.swift; sourceTree = "<group>"; };
		1DD677C91D3BA7D000462456 /* LeftMenu.storyboard */ = {isa = PBXFileReference; fileEncoding = 4; lastKnownFileType = file.storyboard; path = LeftMenu.storyboard; sourceTree = "<group>"; };
		1DD677CC1D3BA8FA00462456 /* LeftMenuController.swift */ = {isa = PBXFileReference; fileEncoding = 4; lastKnownFileType = sourcecode.swift; path = LeftMenuController.swift; sourceTree = "<group>"; };
		1DD677CF1D3C183000462456 /* LoadingController.swift */ = {isa = PBXFileReference; fileEncoding = 4; lastKnownFileType = sourcecode.swift; path = LoadingController.swift; sourceTree = "<group>"; };
		1DD677D01D3C183000462456 /* LoadingController.xib */ = {isa = PBXFileReference; fileEncoding = 4; lastKnownFileType = file.xib; path = LoadingController.xib; sourceTree = "<group>"; };
		1DD677D31D3C19B200462456 /* CartManager.swift */ = {isa = PBXFileReference; fileEncoding = 4; lastKnownFileType = sourcecode.swift; path = CartManager.swift; sourceTree = "<group>"; };
		1DD677D51D3C241D00462456 /* DetailViewController.swift */ = {isa = PBXFileReference; fileEncoding = 4; lastKnownFileType = sourcecode.swift; name = DetailViewController.swift; path = Dashboard/DetailViewController.swift; sourceTree = "<group>"; };
		32DB8B5D98A2DEEA2C50536B /* Pods_WoodsWholesaleWineTests.framework */ = {isa = PBXFileReference; explicitFileType = wrapper.framework; includeInIndex = 0; path = Pods_WoodsWholesaleWineTests.framework; sourceTree = BUILT_PRODUCTS_DIR; };
		38748D5F6947D612283E51E3 /* Pods-WoodsWholesaleWine.release.xcconfig */ = {isa = PBXFileReference; includeInIndex = 1; lastKnownFileType = text.xcconfig; name = "Pods-WoodsWholesaleWine.release.xcconfig"; path = "Pods/Target Support Files/Pods-WoodsWholesaleWine/Pods-WoodsWholesaleWine.release.xcconfig"; sourceTree = "<group>"; };
		53A781401D8FFBF66301F7C8 /* Pods_WoodsWholesaleWine.framework */ = {isa = PBXFileReference; explicitFileType = wrapper.framework; includeInIndex = 0; path = Pods_WoodsWholesaleWine.framework; sourceTree = BUILT_PRODUCTS_DIR; };
		6A3D6C5B1D42CB1800E69E04 /* Login.storyboard */ = {isa = PBXFileReference; fileEncoding = 4; lastKnownFileType = file.storyboard; path = Login.storyboard; sourceTree = "<group>"; };
		6A3D6C601D42CBA400E69E04 /* LoginController.swift */ = {isa = PBXFileReference; fileEncoding = 4; lastKnownFileType = sourcecode.swift; path = LoginController.swift; sourceTree = "<group>"; };
		6A3D6C621D42CBC700E69E04 /* WebViewController.swift */ = {isa = PBXFileReference; fileEncoding = 4; lastKnownFileType = sourcecode.swift; path = WebViewController.swift; sourceTree = "<group>"; };
		6A3D6C641D42DFD700E69E04 /* OrderCell.swift */ = {isa = PBXFileReference; fileEncoding = 4; lastKnownFileType = sourcecode.swift; path = OrderCell.swift; sourceTree = "<group>"; };
		6A61930B1D43DCAD005AA8C5 /* header.m */ = {isa = PBXFileReference; fileEncoding = 4; lastKnownFileType = sourcecode.c.objc; path = header.m; sourceTree = "<group>"; };
		6A61930D1D43DF4A005AA8C5 /* FBSDKCoreKit.framework */ = {isa = PBXFileReference; lastKnownFileType = wrapper.framework; path = FBSDKCoreKit.framework; sourceTree = "<group>"; };
		6A61930E1D43DF4A005AA8C5 /* FBSDKLoginKit.framework */ = {isa = PBXFileReference; lastKnownFileType = wrapper.framework; path = FBSDKLoginKit.framework; sourceTree = "<group>"; };
		6A61930F1D43DF4A005AA8C5 /* FBSDKShareKit.framework */ = {isa = PBXFileReference; lastKnownFileType = wrapper.framework; path = FBSDKShareKit.framework; sourceTree = "<group>"; };
		6A70C7611D47D43700C16A65 /* AddressSelectionCell.swift */ = {isa = PBXFileReference; fileEncoding = 4; lastKnownFileType = sourcecode.swift; path = AddressSelectionCell.swift; sourceTree = "<group>"; };
		6A70C7631D47D44C00C16A65 /* AddressSelectionController.swift */ = {isa = PBXFileReference; fileEncoding = 4; lastKnownFileType = sourcecode.swift; path = AddressSelectionController.swift; sourceTree = "<group>"; };
		6A7363C81D46A2AE007B6935 /* WoodsWholesaleWine.xcdatamodel */ = {isa = PBXFileReference; lastKnownFileType = wrapper.xcdatamodel; path = WoodsWholesaleWine.xcdatamodel; sourceTree = "<group>"; };
		6A7363CA1D46A3C3007B6935 /* AddressController.swift */ = {isa = PBXFileReference; fileEncoding = 4; lastKnownFileType = sourcecode.swift; path = AddressController.swift; sourceTree = "<group>"; };
		6A7363CC1D46A3FE007B6935 /* Address.swift */ = {isa = PBXFileReference; fileEncoding = 4; lastKnownFileType = sourcecode.swift; path = Address.swift; sourceTree = "<group>"; };
		6A73640D1D46AEBB007B6935 /* AddressCreationCell.swift */ = {isa = PBXFileReference; fileEncoding = 4; lastKnownFileType = sourcecode.swift; path = AddressCreationCell.swift; sourceTree = "<group>"; };
		6A88D8321D453208003A5FF1 /* CartCell.swift */ = {isa = PBXFileReference; fileEncoding = 4; lastKnownFileType = sourcecode.swift; path = CartCell.swift; sourceTree = "<group>"; };
		6A88D8341D454584003A5FF1 /* PriceCell.swift */ = {isa = PBXFileReference; fileEncoding = 4; lastKnownFileType = sourcecode.swift; path = PriceCell.swift; sourceTree = "<group>"; };
		6A88D8361D455B50003A5FF1 /* CouponCell.swift */ = {isa = PBXFileReference; fileEncoding = 4; lastKnownFileType = sourcecode.swift; path = CouponCell.swift; sourceTree = "<group>"; };
		6A88D8381D4565D7003A5FF1 /* AddressCell.swift */ = {isa = PBXFileReference; fileEncoding = 4; lastKnownFileType = sourcecode.swift; path = AddressCell.swift; sourceTree = "<group>"; };
		6AB13BA41D43EC730093BDB4 /* Bolts.framework */ = {isa = PBXFileReference; lastKnownFileType = wrapper.framework; path = Bolts.framework; sourceTree = "<group>"; };
		6AB13BA61D43FECD0093BDB4 /* UserDefaults.swift */ = {isa = PBXFileReference; fileEncoding = 4; lastKnownFileType = sourcecode.swift; path = UserDefaults.swift; sourceTree = "<group>"; };
		7028CFF09EA41BCBD056EB7D /* Pods-WoodsWholesaleWine.debug.xcconfig */ = {isa = PBXFileReference; includeInIndex = 1; lastKnownFileType = text.xcconfig; name = "Pods-WoodsWholesaleWine.debug.xcconfig"; path = "Pods/Target Support Files/Pods-WoodsWholesaleWine/Pods-WoodsWholesaleWine.debug.xcconfig"; sourceTree = "<group>"; };
		8D8F164FC2ED0F3E95A89171 /* Pods_WoodsWholesaleWineUITests.framework */ = {isa = PBXFileReference; explicitFileType = wrapper.framework; includeInIndex = 0; path = Pods_WoodsWholesaleWineUITests.framework; sourceTree = BUILT_PRODUCTS_DIR; };
		D35B08B8346F2C87977483ED /* Pods-WoodsWholesaleWineTests.debug.xcconfig */ = {isa = PBXFileReference; includeInIndex = 1; lastKnownFileType = text.xcconfig; name = "Pods-WoodsWholesaleWineTests.debug.xcconfig"; path = "Pods/Target Support Files/Pods-WoodsWholesaleWineTests/Pods-WoodsWholesaleWineTests.debug.xcconfig"; sourceTree = "<group>"; };
		E74D2100728C09A867EADA3A /* Pods-WoodsWholesaleWineUITests.debug.xcconfig */ = {isa = PBXFileReference; includeInIndex = 1; lastKnownFileType = text.xcconfig; name = "Pods-WoodsWholesaleWineUITests.debug.xcconfig"; path = "Pods/Target Support Files/Pods-WoodsWholesaleWineUITests/Pods-WoodsWholesaleWineUITests.debug.xcconfig"; sourceTree = "<group>"; };
		EACCB285A47B94C3E1A61125 /* Pods-WoodsWholesaleWineUITests.release.xcconfig */ = {isa = PBXFileReference; includeInIndex = 1; lastKnownFileType = text.xcconfig; name = "Pods-WoodsWholesaleWineUITests.release.xcconfig"; path = "Pods/Target Support Files/Pods-WoodsWholesaleWineUITests/Pods-WoodsWholesaleWineUITests.release.xcconfig"; sourceTree = "<group>"; };
		ED2DA5D0B0CF861767CA98B1 /* Pods-WoodsWholesaleWineTests.release.xcconfig */ = {isa = PBXFileReference; includeInIndex = 1; lastKnownFileType = text.xcconfig; name = "Pods-WoodsWholesaleWineTests.release.xcconfig"; path = "Pods/Target Support Files/Pods-WoodsWholesaleWineTests/Pods-WoodsWholesaleWineTests.release.xcconfig"; sourceTree = "<group>"; };
/* End PBXFileReference section */

/* Begin PBXFrameworksBuildPhase section */
		1D3AF3FD1D2D33D900CBECB0 /* Frameworks */ = {
			isa = PBXFrameworksBuildPhase;
			buildActionMask = 2147483647;
			files = (
				6AB13BA51D43EC740093BDB4 /* Bolts.framework in Frameworks */,
				6A6193121D43DF4A005AA8C5 /* FBSDKShareKit.framework in Frameworks */,
				6A6193101D43DF4A005AA8C5 /* FBSDKCoreKit.framework in Frameworks */,
				6A6193111D43DF4A005AA8C5 /* FBSDKLoginKit.framework in Frameworks */,
				C1B233306D9B1C531A8E5B48 /* Pods_WoodsWholesaleWine.framework in Frameworks */,
			);
			runOnlyForDeploymentPostprocessing = 0;
		};
		1D3AF4111D2D33DA00CBECB0 /* Frameworks */ = {
			isa = PBXFrameworksBuildPhase;
			buildActionMask = 2147483647;
			files = (
				73B53FD250DC955951377020 /* Pods_WoodsWholesaleWineTests.framework in Frameworks */,
			);
			runOnlyForDeploymentPostprocessing = 0;
		};
		1D3AF41C1D2D33DA00CBECB0 /* Frameworks */ = {
			isa = PBXFrameworksBuildPhase;
			buildActionMask = 2147483647;
			files = (
				C3D98E1BAF1D0A0B969E9F20 /* Pods_WoodsWholesaleWineUITests.framework in Frameworks */,
			);
			runOnlyForDeploymentPostprocessing = 0;
		};
/* End PBXFrameworksBuildPhase section */

/* Begin PBXGroup section */
		1D22F0021D36BEDF00522964 /* Utilities */ = {
			isa = PBXGroup;
			children = (
				1D22F0051D36BEDF00522964 /* Constants.swift */,
				1D22F0061D36BEDF00522964 /* Extensions.swift */,
				1D22F0071D36BEDF00522964 /* Helper.swift */,
				6AB13BA61D43FECD0093BDB4 /* UserDefaults.swift */,
				1D22F0091D36BEDF00522964 /* Libraries */,
			);
			path = Utilities;
			sourceTree = "<group>";
		};
		1D22F0091D36BEDF00522964 /* Libraries */ = {
			isa = PBXGroup;
			children = (
				1DD677CE1D3C182F00462456 /* Loader */,
				1D22F00D1D36BEDF00522964 /* Image Viewer */,
			);
			path = Libraries;
			sourceTree = "<group>";
		};
		1D22F00D1D36BEDF00522964 /* Image Viewer */ = {
			isa = PBXGroup;
			children = (
				1D22F02F1D36C3AA00522964 /* Photo.swift */,
				1D22F00E1D36BEDF00522964 /* ImageViewer.swift */,
			);
			path = "Image Viewer";
			sourceTree = "<group>";
		};
		1D22F0311D36D05A00522964 /* Application */ = {
			isa = PBXGroup;
			children = (
				1D22F0321D36D05A00522964 /* AppDelegate.swift */,
				1D22F0331D36D05A00522964 /* Info.plist */,
				1D22F0341D36D05A00522964 /* Podfile */,
				1D22F0611D36D3F100522964 /* Assets.xcassets */,
			);
			path = Application;
			sourceTree = "<group>";
		};
		1D22F03E1D36D05A00522964 /* Storyboards */ = {
			isa = PBXGroup;
			children = (
				1D22F03F1D36D05A00522964 /* LaunchScreen.storyboard */,
				1D22F0411D36D05A00522964 /* Main.storyboard */,
				1DD677C91D3BA7D000462456 /* LeftMenu.storyboard */,
				1D2ECFFC1D4002EA00586861 /* Account.storyboard */,
				1D2ECFFE1D4002F300586861 /* Cart.storyboard */,
				1D2ED0001D4002FB00586861 /* Orders.storyboard */,
				6A3D6C5B1D42CB1800E69E04 /* Login.storyboard */,
			);
			path = Storyboards;
			sourceTree = "<group>";
		};
		1D22F04F1D36D0C400522964 /* Controller */ = {
			isa = PBXGroup;
			children = (
				6A3D6C5F1D42CB8700E69E04 /* Login */,
				1DD677CB1D3BA8EA00462456 /* Left Menu */,
				1D22F05D1D36D1C800522964 /* FirstViewController.swift */,
				1D22F05E1D36D1C800522964 /* TabBarContainer.swift */,
				1D22F0501D36D0C400522964 /* Dashboard */,
				1DD677D51D3C241D00462456 /* DetailViewController.swift */,
				1DD677D31D3C19B200462456 /* CartManager.swift */,
				1D2ECFF31D40029400586861 /* Account */,
				1D2ECFF41D40029400586861 /* Cart */,
				1D2ECFF51D40029400586861 /* Orders */,
			);
			path = Controller;
			sourceTree = "<group>";
		};
		1D22F0501D36D0C400522964 /* Dashboard */ = {
			isa = PBXGroup;
			children = (
				1D22F0561D36D0C400522964 /* Views */,
				1D22F0511D36D0C400522964 /* Cell */,
				1D22F0551D36D0C400522964 /* DashBoardViewController.swift */,
				1D22F0541D36D0C400522964 /* DashboardLayout.swift */,
				1DD677C21D3ABF8200462456 /* SearchController.swift */,
				1DAC5E641D3D479D00DABB96 /* DetailHeaderView.swift */,
				1DAC5E661D3D480E00DABB96 /* DetailCell.swift */,
			);
			path = Dashboard;
			sourceTree = "<group>";
		};
		1D22F0511D36D0C400522964 /* Cell */ = {
			isa = PBXGroup;
			children = (
				1D22F0521D36D0C400522964 /* DashboardCell.swift */,
			);
			path = Cell;
			sourceTree = "<group>";
		};
		1D22F0561D36D0C400522964 /* Views */ = {
			isa = PBXGroup;
			children = (
				1D22F0571D36D0C400522964 /* DashboardHeaderView.xib */,
				1D22F0531D36D0C400522964 /* DashboardHeaderView.swift */,
			);
			path = Views;
			sourceTree = "<group>";
		};
		1D2ECFF31D40029400586861 /* Account */ = {
			isa = PBXGroup;
			children = (
				1D2ECFF61D4002BE00586861 /* AccountController.swift */,
			);
			path = Account;
			sourceTree = "<group>";
		};
		1D2ECFF41D40029400586861 /* Cart */ = {
			isa = PBXGroup;
			children = (
				6A88D82F1D453195003A5FF1 /* Cell */,
				1D2ECFF81D4002CC00586861 /* CartController.swift */,
				6A7363CA1D46A3C3007B6935 /* AddressController.swift */,
				6A7363CC1D46A3FE007B6935 /* Address.swift */,
				6A70C7631D47D44C00C16A65 /* AddressSelectionController.swift */,
			);
			path = Cart;
			sourceTree = "<group>";
		};
		1D2ECFF51D40029400586861 /* Orders */ = {
			isa = PBXGroup;
			children = (
				1D2ECFFA1D4002DC00586861 /* OrdersController.swift */,
				6A3D6C641D42DFD700E69E04 /* OrderCell.swift */,
			);
			path = Orders;
			sourceTree = "<group>";
		};
		1D3AF3F71D2D33D900CBECB0 = {
			isa = PBXGroup;
			children = (
				6A7363C71D46A2AE007B6935 /* WoodsWholesaleWine.xcdatamodeld */,
				6A61930B1D43DCAD005AA8C5 /* header.m */,
				1D3AF4021D2D33DA00CBECB0 /* WoodsWholesaleWine */,
				1D3AF4171D2D33DA00CBECB0 /* WoodsWholesaleWineTests */,
				1D3AF4221D2D33DA00CBECB0 /* WoodsWholesaleWineUITests */,
				1D3AF4011D2D33D900CBECB0 /* Products */,
				BE3966D4D1340370868F3FBE /* Frameworks */,
				234FA0BAE148055AD94447ED /* Pods */,
			);
			sourceTree = "<group>";
		};
		1D3AF4011D2D33D900CBECB0 /* Products */ = {
			isa = PBXGroup;
			children = (
				1D3AF4001D2D33D900CBECB0 /* WoodsWholesaleWine.app */,
				1D3AF4141D2D33DA00CBECB0 /* WoodsWholesaleWineTests.xctest */,
				1D3AF41F1D2D33DA00CBECB0 /* WoodsWholesaleWineUITests.xctest */,
			);
			name = Products;
			sourceTree = "<group>";
		};
		1D3AF4021D2D33DA00CBECB0 /* WoodsWholesaleWine */ = {
			isa = PBXGroup;
			children = (
				1D22F0311D36D05A00522964 /* Application */,
				1D22F03E1D36D05A00522964 /* Storyboards */,
				1D22F04F1D36D0C400522964 /* Controller */,
				1D22F0021D36BEDF00522964 /* Utilities */,
			);
			path = WoodsWholesaleWine;
			sourceTree = "<group>";
		};
		1D3AF4171D2D33DA00CBECB0 /* WoodsWholesaleWineTests */ = {
			isa = PBXGroup;
			children = (
				1D3AF4181D2D33DA00CBECB0 /* WoodsWholesaleWineTests.swift */,
				1D3AF41A1D2D33DA00CBECB0 /* Info.plist */,
			);
			path = WoodsWholesaleWineTests;
			sourceTree = "<group>";
		};
		1D3AF4221D2D33DA00CBECB0 /* WoodsWholesaleWineUITests */ = {
			isa = PBXGroup;
			children = (
				1D3AF4231D2D33DA00CBECB0 /* WoodsWholesaleWineUITests.swift */,
				1D3AF4251D2D33DA00CBECB0 /* Info.plist */,
			);
			path = WoodsWholesaleWineUITests;
			sourceTree = "<group>";
		};
		1DD677CB1D3BA8EA00462456 /* Left Menu */ = {
			isa = PBXGroup;
			children = (
				1DD677CC1D3BA8FA00462456 /* LeftMenuController.swift */,
				1D55CEFF1D3EB62400CAFB18 /* CategorySectionCell.swift */,
				1D55CF011D3EB63300CAFB18 /* CategoryRowCell.swift */,
			);
			path = "Left Menu";
			sourceTree = "<group>";
		};
		1DD677CE1D3C182F00462456 /* Loader */ = {
			isa = PBXGroup;
			children = (
				1DD677CF1D3C183000462456 /* LoadingController.swift */,
				1DD677D01D3C183000462456 /* LoadingController.xib */,
			);
			path = Loader;
			sourceTree = "<group>";
		};
		234FA0BAE148055AD94447ED /* Pods */ = {
			isa = PBXGroup;
			children = (
				7028CFF09EA41BCBD056EB7D /* Pods-WoodsWholesaleWine.debug.xcconfig */,
				38748D5F6947D612283E51E3 /* Pods-WoodsWholesaleWine.release.xcconfig */,
				D35B08B8346F2C87977483ED /* Pods-WoodsWholesaleWineTests.debug.xcconfig */,
				ED2DA5D0B0CF861767CA98B1 /* Pods-WoodsWholesaleWineTests.release.xcconfig */,
				E74D2100728C09A867EADA3A /* Pods-WoodsWholesaleWineUITests.debug.xcconfig */,
				EACCB285A47B94C3E1A61125 /* Pods-WoodsWholesaleWineUITests.release.xcconfig */,
			);
			name = Pods;
			sourceTree = "<group>";
		};
		6A3D6C5F1D42CB8700E69E04 /* Login */ = {
			isa = PBXGroup;
			children = (
				6A3D6C601D42CBA400E69E04 /* LoginController.swift */,
				6A3D6C621D42CBC700E69E04 /* WebViewController.swift */,
			);
			name = Login;
			sourceTree = "<group>";
		};
		6A88D82F1D453195003A5FF1 /* Cell */ = {
			isa = PBXGroup;
			children = (
				6A88D8321D453208003A5FF1 /* CartCell.swift */,
				6A88D8341D454584003A5FF1 /* PriceCell.swift */,
				6A88D8361D455B50003A5FF1 /* CouponCell.swift */,
				6A88D8381D4565D7003A5FF1 /* AddressCell.swift */,
				6A73640D1D46AEBB007B6935 /* AddressCreationCell.swift */,
				6A70C7611D47D43700C16A65 /* AddressSelectionCell.swift */,
			);
			name = Cell;
			sourceTree = "<group>";
		};
		BE3966D4D1340370868F3FBE /* Frameworks */ = {
			isa = PBXGroup;
			children = (
				056A089E27591B2D317AF7BD /* Pods.framework */,
				6AB13BA41D43EC730093BDB4 /* Bolts.framework */,
				6A61930D1D43DF4A005AA8C5 /* FBSDKCoreKit.framework */,
				6A61930E1D43DF4A005AA8C5 /* FBSDKLoginKit.framework */,
				6A61930F1D43DF4A005AA8C5 /* FBSDKShareKit.framework */,
				53A781401D8FFBF66301F7C8 /* Pods_WoodsWholesaleWine.framework */,
				32DB8B5D98A2DEEA2C50536B /* Pods_WoodsWholesaleWineTests.framework */,
				8D8F164FC2ED0F3E95A89171 /* Pods_WoodsWholesaleWineUITests.framework */,
			);
			name = Frameworks;
			sourceTree = "<group>";
		};
/* End PBXGroup section */

/* Begin PBXNativeTarget section */
		1D3AF3FF1D2D33D900CBECB0 /* WoodsWholesaleWine */ = {
			isa = PBXNativeTarget;
			buildConfigurationList = 1D3AF4281D2D33DA00CBECB0 /* Build configuration list for PBXNativeTarget "WoodsWholesaleWine" */;
			buildPhases = (
				3A32ECF174CDB2A849CE1685 /* [CP] Check Pods Manifest.lock */,
				1D3AF3FC1D2D33D900CBECB0 /* Sources */,
				1D3AF3FD1D2D33D900CBECB0 /* Frameworks */,
				1D3AF3FE1D2D33D900CBECB0 /* Resources */,
				C450D5A4093894599A73E34D /* [CP] Embed Pods Frameworks */,
				AD96B1445965E77C9E6A286F /* [CP] Copy Pods Resources */,
			);
			buildRules = (
			);
			dependencies = (
			);
			name = WoodsWholesaleWine;
			productName = WoodsWholesaleWine;
			productReference = 1D3AF4001D2D33D900CBECB0 /* WoodsWholesaleWine.app */;
			productType = "com.apple.product-type.application";
		};
		1D3AF4131D2D33DA00CBECB0 /* WoodsWholesaleWineTests */ = {
			isa = PBXNativeTarget;
			buildConfigurationList = 1D3AF42B1D2D33DA00CBECB0 /* Build configuration list for PBXNativeTarget "WoodsWholesaleWineTests" */;
			buildPhases = (
				313E4DE243F37AA3ED4B40E3 /* [CP] Check Pods Manifest.lock */,
				1D3AF4101D2D33DA00CBECB0 /* Sources */,
				1D3AF4111D2D33DA00CBECB0 /* Frameworks */,
				1D3AF4121D2D33DA00CBECB0 /* Resources */,
				5BE92D05F815A81010A07DE5 /* [CP] Embed Pods Frameworks */,
				1EC65FDB33B521C178150C0E /* [CP] Copy Pods Resources */,
			);
			buildRules = (
			);
			dependencies = (
				1D3AF4161D2D33DA00CBECB0 /* PBXTargetDependency */,
			);
			name = WoodsWholesaleWineTests;
			productName = WoodsWholesaleWineTests;
			productReference = 1D3AF4141D2D33DA00CBECB0 /* WoodsWholesaleWineTests.xctest */;
			productType = "com.apple.product-type.bundle.unit-test";
		};
		1D3AF41E1D2D33DA00CBECB0 /* WoodsWholesaleWineUITests */ = {
			isa = PBXNativeTarget;
			buildConfigurationList = 1D3AF42E1D2D33DA00CBECB0 /* Build configuration list for PBXNativeTarget "WoodsWholesaleWineUITests" */;
			buildPhases = (
				2795513B55FF44818509F280 /* [CP] Check Pods Manifest.lock */,
				1D3AF41B1D2D33DA00CBECB0 /* Sources */,
				1D3AF41C1D2D33DA00CBECB0 /* Frameworks */,
				1D3AF41D1D2D33DA00CBECB0 /* Resources */,
				2D1B091DDE990D256311E78E /* [CP] Copy Pods Resources */,
			);
			buildRules = (
			);
			dependencies = (
				1D3AF4211D2D33DA00CBECB0 /* PBXTargetDependency */,
			);
			name = WoodsWholesaleWineUITests;
			productName = WoodsWholesaleWineUITests;
			productReference = 1D3AF41F1D2D33DA00CBECB0 /* WoodsWholesaleWineUITests.xctest */;
			productType = "com.apple.product-type.bundle.ui-testing";
		};
/* End PBXNativeTarget section */

/* Begin PBXProject section */
		1D3AF3F81D2D33D900CBECB0 /* Project object */ = {
			isa = PBXProject;
			attributes = {
				LastSwiftUpdateCheck = 0730;
				LastUpgradeCheck = 0730;
				ORGANIZATIONNAME = "Pavan Gopal";
				TargetAttributes = {
					1D3AF3FF1D2D33D900CBECB0 = {
						CreatedOnToolsVersion = 7.3;
						DevelopmentTeam = 8KGPXFAG7V;
					};
					1D3AF4131D2D33DA00CBECB0 = {
						CreatedOnToolsVersion = 7.3;
						TestTargetID = 1D3AF3FF1D2D33D900CBECB0;
					};
					1D3AF41E1D2D33DA00CBECB0 = {
						CreatedOnToolsVersion = 7.3;
						TestTargetID = 1D3AF3FF1D2D33D900CBECB0;
					};
				};
			};
			buildConfigurationList = 1D3AF3FB1D2D33D900CBECB0 /* Build configuration list for PBXProject "WoodsWholesaleWine" */;
			compatibilityVersion = "Xcode 3.2";
			developmentRegion = English;
			hasScannedForEncodings = 0;
			knownRegions = (
				en,
				Base,
				hi,
			);
			mainGroup = 1D3AF3F71D2D33D900CBECB0;
			productRefGroup = 1D3AF4011D2D33D900CBECB0 /* Products */;
			projectDirPath = "";
			projectRoot = "";
			targets = (
				1D3AF3FF1D2D33D900CBECB0 /* WoodsWholesaleWine */,
				1D3AF4131D2D33DA00CBECB0 /* WoodsWholesaleWineTests */,
				1D3AF41E1D2D33DA00CBECB0 /* WoodsWholesaleWineUITests */,
			);
		};
/* End PBXProject section */

/* Begin PBXResourcesBuildPhase section */
		1D3AF3FE1D2D33D900CBECB0 /* Resources */ = {
			isa = PBXResourcesBuildPhase;
			buildActionMask = 2147483647;
			files = (
				1D22F0451D36D05A00522964 /* Podfile in Resources */,
				1DD677D21D3C183000462456 /* LoadingController.xib in Resources */,
				1D22F04E1D36D05A00522964 /* Main.storyboard in Resources */,
				1D22F0621D36D3F100522964 /* Assets.xcassets in Resources */,
				1D22F04D1D36D05A00522964 /* LaunchScreen.storyboard in Resources */,
				1D2ED0011D4002FB00586861 /* Orders.storyboard in Resources */,
				1D22F05C1D36D0C400522964 /* DashboardHeaderView.xib in Resources */,
				1D22F0441D36D05A00522964 /* Info.plist in Resources */,
				6A3D6C5C1D42CB1800E69E04 /* Login.storyboard in Resources */,
				1D2ECFFD1D4002EA00586861 /* Account.storyboard in Resources */,
				1D2ECFFF1D4002F300586861 /* Cart.storyboard in Resources */,
				1DD677CA1D3BA7D000462456 /* LeftMenu.storyboard in Resources */,
			);
			runOnlyForDeploymentPostprocessing = 0;
		};
		1D3AF4121D2D33DA00CBECB0 /* Resources */ = {
			isa = PBXResourcesBuildPhase;
			buildActionMask = 2147483647;
			files = (
			);
			runOnlyForDeploymentPostprocessing = 0;
		};
		1D3AF41D1D2D33DA00CBECB0 /* Resources */ = {
			isa = PBXResourcesBuildPhase;
			buildActionMask = 2147483647;
			files = (
			);
			runOnlyForDeploymentPostprocessing = 0;
		};
/* End PBXResourcesBuildPhase section */

/* Begin PBXShellScriptBuildPhase section */
		1EC65FDB33B521C178150C0E /* [CP] Copy Pods Resources */ = {
			isa = PBXShellScriptBuildPhase;
			buildActionMask = 2147483647;
			files = (
			);
			inputPaths = (
			);
			name = "[CP] Copy Pods Resources";
			outputPaths = (
			);
			runOnlyForDeploymentPostprocessing = 0;
			shellPath = /bin/sh;
			shellScript = "\"${SRCROOT}/Pods/Target Support Files/Pods-WoodsWholesaleWineTests/Pods-WoodsWholesaleWineTests-resources.sh\"\n";
			showEnvVarsInLog = 0;
		};
		2795513B55FF44818509F280 /* [CP] Check Pods Manifest.lock */ = {
			isa = PBXShellScriptBuildPhase;
			buildActionMask = 2147483647;
			files = (
			);
			inputPaths = (
			);
			name = "[CP] Check Pods Manifest.lock";
			outputPaths = (
			);
			runOnlyForDeploymentPostprocessing = 0;
			shellPath = /bin/sh;
			shellScript = "diff \"${PODS_ROOT}/../Podfile.lock\" \"${PODS_ROOT}/Manifest.lock\" > /dev/null\nif [[ $? != 0 ]] ; then\n    cat << EOM\nerror: The sandbox is not in sync with the Podfile.lock. Run 'pod install' or update your CocoaPods installation.\nEOM\n    exit 1\nfi\n";
			showEnvVarsInLog = 0;
		};
		2D1B091DDE990D256311E78E /* [CP] Copy Pods Resources */ = {
			isa = PBXShellScriptBuildPhase;
			buildActionMask = 2147483647;
			files = (
			);
			inputPaths = (
			);
			name = "[CP] Copy Pods Resources";
			outputPaths = (
			);
			runOnlyForDeploymentPostprocessing = 0;
			shellPath = /bin/sh;
			shellScript = "\"${SRCROOT}/Pods/Target Support Files/Pods-WoodsWholesaleWineUITests/Pods-WoodsWholesaleWineUITests-resources.sh\"\n";
			showEnvVarsInLog = 0;
		};
		313E4DE243F37AA3ED4B40E3 /* [CP] Check Pods Manifest.lock */ = {
			isa = PBXShellScriptBuildPhase;
			buildActionMask = 2147483647;
			files = (
			);
			inputPaths = (
			);
			name = "[CP] Check Pods Manifest.lock";
			outputPaths = (
			);
			runOnlyForDeploymentPostprocessing = 0;
			shellPath = /bin/sh;
			shellScript = "diff \"${PODS_ROOT}/../Podfile.lock\" \"${PODS_ROOT}/Manifest.lock\" > /dev/null\nif [[ $? != 0 ]] ; then\n    cat << EOM\nerror: The sandbox is not in sync with the Podfile.lock. Run 'pod install' or update your CocoaPods installation.\nEOM\n    exit 1\nfi\n";
			showEnvVarsInLog = 0;
		};
		3A32ECF174CDB2A849CE1685 /* [CP] Check Pods Manifest.lock */ = {
			isa = PBXShellScriptBuildPhase;
			buildActionMask = 2147483647;
			files = (
			);
			inputPaths = (
			);
			name = "[CP] Check Pods Manifest.lock";
			outputPaths = (
			);
			runOnlyForDeploymentPostprocessing = 0;
			shellPath = /bin/sh;
			shellScript = "diff \"${PODS_ROOT}/../Podfile.lock\" \"${PODS_ROOT}/Manifest.lock\" > /dev/null\nif [[ $? != 0 ]] ; then\n    cat << EOM\nerror: The sandbox is not in sync with the Podfile.lock. Run 'pod install' or update your CocoaPods installation.\nEOM\n    exit 1\nfi\n";
			showEnvVarsInLog = 0;
		};
		5BE92D05F815A81010A07DE5 /* [CP] Embed Pods Frameworks */ = {
			isa = PBXShellScriptBuildPhase;
			buildActionMask = 2147483647;
			files = (
			);
			inputPaths = (
			);
			name = "[CP] Embed Pods Frameworks";
			outputPaths = (
			);
			runOnlyForDeploymentPostprocessing = 0;
			shellPath = /bin/sh;
			shellScript = "\"${SRCROOT}/Pods/Target Support Files/Pods-WoodsWholesaleWineTests/Pods-WoodsWholesaleWineTests-frameworks.sh\"\n";
			showEnvVarsInLog = 0;
		};
		AD96B1445965E77C9E6A286F /* [CP] Copy Pods Resources */ = {
			isa = PBXShellScriptBuildPhase;
			buildActionMask = 2147483647;
			files = (
			);
			inputPaths = (
			);
			name = "[CP] Copy Pods Resources";
			outputPaths = (
			);
			runOnlyForDeploymentPostprocessing = 0;
			shellPath = /bin/sh;
			shellScript = "\"${SRCROOT}/Pods/Target Support Files/Pods-WoodsWholesaleWine/Pods-WoodsWholesaleWine-resources.sh\"\n";
			showEnvVarsInLog = 0;
		};
		C450D5A4093894599A73E34D /* [CP] Embed Pods Frameworks */ = {
			isa = PBXShellScriptBuildPhase;
			buildActionMask = 2147483647;
			files = (
			);
			inputPaths = (
			);
			name = "[CP] Embed Pods Frameworks";
			outputPaths = (
			);
			runOnlyForDeploymentPostprocessing = 0;
			shellPath = /bin/sh;
			shellScript = "\"${SRCROOT}/Pods/Target Support Files/Pods-WoodsWholesaleWine/Pods-WoodsWholesaleWine-frameworks.sh\"\n";
			showEnvVarsInLog = 0;
		};
/* End PBXShellScriptBuildPhase section */

/* Begin PBXSourcesBuildPhase section */
		1D3AF3FC1D2D33D900CBECB0 /* Sources */ = {
			isa = PBXSourcesBuildPhase;
			buildActionMask = 2147483647;
			files = (
				6AB13BA71D43FECD0093BDB4 /* UserDefaults.swift in Sources */,
				6A88D8331D453208003A5FF1 /* CartCell.swift in Sources */,
				1D22F05B1D36D0C400522964 /* DashBoardViewController.swift in Sources */,
				1DD677D61D3C241D00462456 /* DetailViewController.swift in Sources */,
				1DD677D41D3C19B200462456 /* CartManager.swift in Sources */,
				1D22F0591D36D0C400522964 /* DashboardHeaderView.swift in Sources */,
				1D22F0581D36D0C400522964 /* DashboardCell.swift in Sources */,
				1DD677CD1D3BA8FA00462456 /* LeftMenuController.swift in Sources */,
				1DD677C31D3ABF8300462456 /* SearchController.swift in Sources */,
				6A70C7621D47D43700C16A65 /* AddressSelectionCell.swift in Sources */,
				1D22F0431D36D05A00522964 /* AppDelegate.swift in Sources */,
				1D2ECFF91D4002CC00586861 /* CartController.swift in Sources */,
				1DAC5E651D3D479D00DABB96 /* DetailHeaderView.swift in Sources */,
				6A7363C91D46A2AE007B6935 /* WoodsWholesaleWine.xcdatamodeld in Sources */,
				1D2ECFF71D4002BE00586861 /* AccountController.swift in Sources */,
				6A3D6C631D42CBC700E69E04 /* WebViewController.swift in Sources */,
				6A61930C1D43DCAD005AA8C5 /* header.m in Sources */,
				1D22F01E1D36BEDF00522964 /* Extensions.swift in Sources */,
				6A70C7641D47D44C00C16A65 /* AddressSelectionController.swift in Sources */,
				6A3D6C651D42DFD700E69E04 /* OrderCell.swift in Sources */,
				6A7363CD1D46A3FE007B6935 /* Address.swift in Sources */,
				1D2ECFFB1D4002DC00586861 /* OrdersController.swift in Sources */,
				1D22F01F1D36BEDF00522964 /* Helper.swift in Sources */,
				1D22F01D1D36BEDF00522964 /* Constants.swift in Sources */,
				1DD677D11D3C183000462456 /* LoadingController.swift in Sources */,
				1D22F05A1D36D0C400522964 /* DashboardLayout.swift in Sources */,
				6A73640E1D46AEBB007B6935 /* AddressCreationCell.swift in Sources */,
				6A88D8391D4565D8003A5FF1 /* AddressCell.swift in Sources */,
				1D22F0301D36C3AA00522964 /* Photo.swift in Sources */,
				1D55CF001D3EB62400CAFB18 /* CategorySectionCell.swift in Sources */,
				6A88D8351D454584003A5FF1 /* PriceCell.swift in Sources */,
				6A3D6C611D42CBA400E69E04 /* LoginController.swift in Sources */,
				1D22F0231D36BEDF00522964 /* ImageViewer.swift in Sources */,
				1D22F05F1D36D1C800522964 /* FirstViewController.swift in Sources */,
				1DAC5E671D3D480E00DABB96 /* DetailCell.swift in Sources */,
				1D22F0601D36D1C800522964 /* TabBarContainer.swift in Sources */,
				1D55CF021D3EB63300CAFB18 /* CategoryRowCell.swift in Sources */,
				6A88D8371D455B50003A5FF1 /* CouponCell.swift in Sources */,
				6A7363CB1D46A3C3007B6935 /* AddressController.swift in Sources */,
			);
			runOnlyForDeploymentPostprocessing = 0;
		};
		1D3AF4101D2D33DA00CBECB0 /* Sources */ = {
			isa = PBXSourcesBuildPhase;
			buildActionMask = 2147483647;
			files = (
				1D3AF4191D2D33DA00CBECB0 /* WoodsWholesaleWineTests.swift in Sources */,
			);
			runOnlyForDeploymentPostprocessing = 0;
		};
		1D3AF41B1D2D33DA00CBECB0 /* Sources */ = {
			isa = PBXSourcesBuildPhase;
			buildActionMask = 2147483647;
			files = (
				1D3AF4241D2D33DA00CBECB0 /* WoodsWholesaleWineUITests.swift in Sources */,
			);
			runOnlyForDeploymentPostprocessing = 0;
		};
/* End PBXSourcesBuildPhase section */

/* Begin PBXTargetDependency section */
		1D3AF4161D2D33DA00CBECB0 /* PBXTargetDependency */ = {
			isa = PBXTargetDependency;
			target = 1D3AF3FF1D2D33D900CBECB0 /* WoodsWholesaleWine */;
			targetProxy = 1D3AF4151D2D33DA00CBECB0 /* PBXContainerItemProxy */;
		};
		1D3AF4211D2D33DA00CBECB0 /* PBXTargetDependency */ = {
			isa = PBXTargetDependency;
			target = 1D3AF3FF1D2D33D900CBECB0 /* WoodsWholesaleWine */;
			targetProxy = 1D3AF4201D2D33DA00CBECB0 /* PBXContainerItemProxy */;
		};
/* End PBXTargetDependency section */

/* Begin PBXVariantGroup section */
		1D22F03F1D36D05A00522964 /* LaunchScreen.storyboard */ = {
			isa = PBXVariantGroup;
			children = (
				1D22F0401D36D05A00522964 /* Base */,
			);
			name = LaunchScreen.storyboard;
			sourceTree = "<group>";
		};
		1D22F0411D36D05A00522964 /* Main.storyboard */ = {
			isa = PBXVariantGroup;
			children = (
				1D22F0421D36D05A00522964 /* Base */,
			);
			name = Main.storyboard;
			sourceTree = "<group>";
		};
/* End PBXVariantGroup section */

/* Begin XCBuildConfiguration section */
		1D3AF4261D2D33DA00CBECB0 /* Debug */ = {
			isa = XCBuildConfiguration;
			buildSettings = {
				ALWAYS_SEARCH_USER_PATHS = NO;
				CLANG_ANALYZER_NONNULL = YES;
				CLANG_CXX_LANGUAGE_STANDARD = "gnu++0x";
				CLANG_CXX_LIBRARY = "libc++";
				CLANG_ENABLE_MODULES = YES;
				CLANG_ENABLE_OBJC_ARC = YES;
				CLANG_WARN_BOOL_CONVERSION = YES;
				CLANG_WARN_CONSTANT_CONVERSION = YES;
				CLANG_WARN_DIRECT_OBJC_ISA_USAGE = YES_ERROR;
				CLANG_WARN_EMPTY_BODY = YES;
				CLANG_WARN_ENUM_CONVERSION = YES;
				CLANG_WARN_INT_CONVERSION = YES;
				CLANG_WARN_OBJC_ROOT_CLASS = YES_ERROR;
				CLANG_WARN_UNREACHABLE_CODE = YES;
				CLANG_WARN__DUPLICATE_METHOD_MATCH = YES;
				"CODE_SIGN_IDENTITY[sdk=iphoneos*]" = "iPhone Developer";
				COPY_PHASE_STRIP = NO;
				DEBUG_INFORMATION_FORMAT = dwarf;
				ENABLE_STRICT_OBJC_MSGSEND = YES;
				ENABLE_TESTABILITY = YES;
				GCC_C_LANGUAGE_STANDARD = gnu99;
				GCC_DYNAMIC_NO_PIC = NO;
				GCC_NO_COMMON_BLOCKS = YES;
				GCC_OPTIMIZATION_LEVEL = 0;
				GCC_PREPROCESSOR_DEFINITIONS = (
					"DEBUG=1",
					"$(inherited)",
				);
				GCC_WARN_64_TO_32_BIT_CONVERSION = YES;
				GCC_WARN_ABOUT_RETURN_TYPE = YES_ERROR;
				GCC_WARN_UNDECLARED_SELECTOR = YES;
				GCC_WARN_UNINITIALIZED_AUTOS = YES_AGGRESSIVE;
				GCC_WARN_UNUSED_FUNCTION = YES;
				GCC_WARN_UNUSED_VARIABLE = YES;
				IPHONEOS_DEPLOYMENT_TARGET = 9.3;
				MTL_ENABLE_DEBUG_INFO = YES;
				ONLY_ACTIVE_ARCH = YES;
				SDKROOT = iphoneos;
				SWIFT_OPTIMIZATION_LEVEL = "-Onone";
			};
			name = Debug;
		};
		1D3AF4271D2D33DA00CBECB0 /* Release */ = {
			isa = XCBuildConfiguration;
			buildSettings = {
				ALWAYS_SEARCH_USER_PATHS = NO;
				CLANG_ANALYZER_NONNULL = YES;
				CLANG_CXX_LANGUAGE_STANDARD = "gnu++0x";
				CLANG_CXX_LIBRARY = "libc++";
				CLANG_ENABLE_MODULES = YES;
				CLANG_ENABLE_OBJC_ARC = YES;
				CLANG_WARN_BOOL_CONVERSION = YES;
				CLANG_WARN_CONSTANT_CONVERSION = YES;
				CLANG_WARN_DIRECT_OBJC_ISA_USAGE = YES_ERROR;
				CLANG_WARN_EMPTY_BODY = YES;
				CLANG_WARN_ENUM_CONVERSION = YES;
				CLANG_WARN_INT_CONVERSION = YES;
				CLANG_WARN_OBJC_ROOT_CLASS = YES_ERROR;
				CLANG_WARN_UNREACHABLE_CODE = YES;
				CLANG_WARN__DUPLICATE_METHOD_MATCH = YES;
				"CODE_SIGN_IDENTITY[sdk=iphoneos*]" = "iPhone Developer";
				COPY_PHASE_STRIP = NO;
				DEBUG_INFORMATION_FORMAT = "dwarf-with-dsym";
				ENABLE_NS_ASSERTIONS = NO;
				ENABLE_STRICT_OBJC_MSGSEND = YES;
				GCC_C_LANGUAGE_STANDARD = gnu99;
				GCC_NO_COMMON_BLOCKS = YES;
				GCC_WARN_64_TO_32_BIT_CONVERSION = YES;
				GCC_WARN_ABOUT_RETURN_TYPE = YES_ERROR;
				GCC_WARN_UNDECLARED_SELECTOR = YES;
				GCC_WARN_UNINITIALIZED_AUTOS = YES_AGGRESSIVE;
				GCC_WARN_UNUSED_FUNCTION = YES;
				GCC_WARN_UNUSED_VARIABLE = YES;
				IPHONEOS_DEPLOYMENT_TARGET = 9.3;
				MTL_ENABLE_DEBUG_INFO = NO;
				SDKROOT = iphoneos;
				VALIDATE_PRODUCT = YES;
			};
			name = Release;
		};
		1D3AF4291D2D33DA00CBECB0 /* Debug */ = {
			isa = XCBuildConfiguration;
			baseConfigurationReference = 7028CFF09EA41BCBD056EB7D /* Pods-WoodsWholesaleWine.debug.xcconfig */;
			buildSettings = {
				ASSETCATALOG_COMPILER_APPICON_NAME = AppIcon;
				CLANG_ENABLE_MODULES = YES;
				CODE_SIGN_IDENTITY = "iPhone Developer";
				"CODE_SIGN_IDENTITY[sdk=iphoneos*]" = "iPhone Developer";
				FRAMEWORK_SEARCH_PATHS = (
					"$(inherited)",
					"$(PROJECT_DIR)",
				);
				INFOPLIST_FILE = "$(SRCROOT)/WoodsWholesaleWine/Application/Info.plist";
				IPHONEOS_DEPLOYMENT_TARGET = 8.1;
				LD_RUNPATH_SEARCH_PATHS = "$(inherited) @executable_path/Frameworks";
				PRODUCT_BUNDLE_IDENTIFIER = com.woodswholesalewine.ioschannel;
				PRODUCT_NAME = "$(TARGET_NAME)";
				PROVISIONING_PROFILE = "";
				SWIFT_OBJC_BRIDGING_HEADER = "";
				SWIFT_OPTIMIZATION_LEVEL = "-Onone";
			};
			name = Debug;
		};
		1D3AF42A1D2D33DA00CBECB0 /* Release */ = {
			isa = XCBuildConfiguration;
			baseConfigurationReference = 38748D5F6947D612283E51E3 /* Pods-WoodsWholesaleWine.release.xcconfig */;
			buildSettings = {
				ASSETCATALOG_COMPILER_APPICON_NAME = AppIcon;
				CLANG_ENABLE_MODULES = YES;
				CODE_SIGN_IDENTITY = "iPhone Developer";
				"CODE_SIGN_IDENTITY[sdk=iphoneos*]" = "iPhone Developer";
				FRAMEWORK_SEARCH_PATHS = (
					"$(inherited)",
					"$(PROJECT_DIR)",
				);
				INFOPLIST_FILE = "$(SRCROOT)/WoodsWholesaleWine/Application/Info.plist";
				IPHONEOS_DEPLOYMENT_TARGET = 8.1;
				LD_RUNPATH_SEARCH_PATHS = "$(inherited) @executable_path/Frameworks";
				PRODUCT_BUNDLE_IDENTIFIER = com.woodswholesalewine.ioschannel;
				PRODUCT_NAME = "$(TARGET_NAME)";
				PROVISIONING_PROFILE = "";
				SWIFT_OBJC_BRIDGING_HEADER = "";
			};
			name = Release;
		};
		1D3AF42C1D2D33DA00CBECB0 /* Debug */ = {
			isa = XCBuildConfiguration;
			baseConfigurationReference = D35B08B8346F2C87977483ED /* Pods-WoodsWholesaleWineTests.debug.xcconfig */;
			buildSettings = {
				BUNDLE_LOADER = "$(TEST_HOST)";
				INFOPLIST_FILE = WoodsWholesaleWineTests/Info.plist;
				LD_RUNPATH_SEARCH_PATHS = "$(inherited) @executable_path/Frameworks @loader_path/Frameworks";
				PRODUCT_BUNDLE_IDENTIFIER = com.Pavan.WoodsWholesaleWineTests;
				PRODUCT_NAME = "$(TARGET_NAME)";
				TEST_HOST = "$(BUILT_PRODUCTS_DIR)/WoodsWholesaleWine.app/WoodsWholesaleWine";
			};
			name = Debug;
		};
		1D3AF42D1D2D33DA00CBECB0 /* Release */ = {
			isa = XCBuildConfiguration;
			baseConfigurationReference = ED2DA5D0B0CF861767CA98B1 /* Pods-WoodsWholesaleWineTests.release.xcconfig */;
			buildSettings = {
				BUNDLE_LOADER = "$(TEST_HOST)";
				INFOPLIST_FILE = WoodsWholesaleWineTests/Info.plist;
				LD_RUNPATH_SEARCH_PATHS = "$(inherited) @executable_path/Frameworks @loader_path/Frameworks";
				PRODUCT_BUNDLE_IDENTIFIER = com.Pavan.WoodsWholesaleWineTests;
				PRODUCT_NAME = "$(TARGET_NAME)";
				TEST_HOST = "$(BUILT_PRODUCTS_DIR)/WoodsWholesaleWine.app/WoodsWholesaleWine";
			};
			name = Release;
		};
		1D3AF42F1D2D33DA00CBECB0 /* Debug */ = {
			isa = XCBuildConfiguration;
			baseConfigurationReference = E74D2100728C09A867EADA3A /* Pods-WoodsWholesaleWineUITests.debug.xcconfig */;
			buildSettings = {
				INFOPLIST_FILE = WoodsWholesaleWineUITests/Info.plist;
				LD_RUNPATH_SEARCH_PATHS = "$(inherited) @executable_path/Frameworks @loader_path/Frameworks";
				PRODUCT_BUNDLE_IDENTIFIER = com.Pavan.WoodsWholesaleWineUITests;
				PRODUCT_NAME = "$(TARGET_NAME)";
				TEST_TARGET_NAME = WoodsWholesaleWine;
			};
			name = Debug;
		};
		1D3AF4301D2D33DA00CBECB0 /* Release */ = {
			isa = XCBuildConfiguration;
			baseConfigurationReference = EACCB285A47B94C3E1A61125 /* Pods-WoodsWholesaleWineUITests.release.xcconfig */;
			buildSettings = {
				INFOPLIST_FILE = WoodsWholesaleWineUITests/Info.plist;
				LD_RUNPATH_SEARCH_PATHS = "$(inherited) @executable_path/Frameworks @loader_path/Frameworks";
				PRODUCT_BUNDLE_IDENTIFIER = com.Pavan.WoodsWholesaleWineUITests;
				PRODUCT_NAME = "$(TARGET_NAME)";
				TEST_TARGET_NAME = WoodsWholesaleWine;
			};
			name = Release;
		};
/* End XCBuildConfiguration section */

/* Begin XCConfigurationList section */
		1D3AF3FB1D2D33D900CBECB0 /* Build configuration list for PBXProject "WoodsWholesaleWine" */ = {
			isa = XCConfigurationList;
			buildConfigurations = (
				1D3AF4261D2D33DA00CBECB0 /* Debug */,
				1D3AF4271D2D33DA00CBECB0 /* Release */,
			);
			defaultConfigurationIsVisible = 0;
			defaultConfigurationName = Release;
		};
		1D3AF4281D2D33DA00CBECB0 /* Build configuration list for PBXNativeTarget "WoodsWholesaleWine" */ = {
			isa = XCConfigurationList;
			buildConfigurations = (
				1D3AF4291D2D33DA00CBECB0 /* Debug */,
				1D3AF42A1D2D33DA00CBECB0 /* Release */,
			);
			defaultConfigurationIsVisible = 0;
			defaultConfigurationName = Release;
		};
		1D3AF42B1D2D33DA00CBECB0 /* Build configuration list for PBXNativeTarget "WoodsWholesaleWineTests" */ = {
			isa = XCConfigurationList;
			buildConfigurations = (
				1D3AF42C1D2D33DA00CBECB0 /* Debug */,
				1D3AF42D1D2D33DA00CBECB0 /* Release */,
			);
			defaultConfigurationIsVisible = 0;
			defaultConfigurationName = Release;
		};
		1D3AF42E1D2D33DA00CBECB0 /* Build configuration list for PBXNativeTarget "WoodsWholesaleWineUITests" */ = {
			isa = XCConfigurationList;
			buildConfigurations = (
				1D3AF42F1D2D33DA00CBECB0 /* Debug */,
				1D3AF4301D2D33DA00CBECB0 /* Release */,
			);
			defaultConfigurationIsVisible = 0;
			defaultConfigurationName = Release;
		};
/* End XCConfigurationList section */

/* Begin XCVersionGroup section */
		6A7363C71D46A2AE007B6935 /* WoodsWholesaleWine.xcdatamodeld */ = {
			isa = XCVersionGroup;
			children = (
				6A7363C81D46A2AE007B6935 /* WoodsWholesaleWine.xcdatamodel */,
			);
			currentVersion = 6A7363C81D46A2AE007B6935 /* WoodsWholesaleWine.xcdatamodel */;
			path = WoodsWholesaleWine.xcdatamodeld;
			sourceTree = "<group>";
			versionGroupType = wrapper.xcdatamodel;
		};
/* End XCVersionGroup section */
	};
	rootObject = 1D3AF3F81D2D33D900CBECB0 /* Project object */;
}
